<?xml version="1.0" encoding="utf-8"?>
<Project ToolsVersion="4.0" xmlns="http://schemas.microsoft.com/developer/msbuild/2003">
  <ItemGroup>
    <Filter Include="Shaders">
      <UniqueIdentifier>{ae8b3918-02d5-4e8b-8f7a-d7fd859b7eb9}</UniqueIdentifier>
    </Filter>
    <Filter Include="Resources">
      <UniqueIdentifier>{67DA6AB6-F800-4c08-8B7A-83BB121AAD01}</UniqueIdentifier>
      <Extensions>rc;ico;cur;bmp;dlg;rc2;rct;bin;rgs;gif;jpg;jpeg;jpe;resx;tiff;tif;png;wav;mfcribbon-ms</Extensions>
    </Filter>
    <Filter Include="Source">
      <UniqueIdentifier>{4FC737F1-C7A5-4376-A066-2A32D752A2FF}</UniqueIdentifier>
      <Extensions>cpp;c;cc;cxx;c++;cppm;ixx;def;odl;idl;hpj;bat;asm;asmx</Extensions>
    </Filter>
    <Filter Include="Source\pch">
      <UniqueIdentifier>{948aa003-e3e1-40a2-9659-06b4dab19dbe}</UniqueIdentifier>
    </Filter>
    <Filter Include="Source\App">
      <UniqueIdentifier>{0f5a16a6-488d-4276-8b8e-ec467ef5e901}</UniqueIdentifier>
    </Filter>
    <Filter Include="Source\Geometry">
      <UniqueIdentifier>{26174cba-464c-4482-8c01-4f1f9cea908e}</UniqueIdentifier>
    </Filter>
    <Filter Include="Source\Math">
      <UniqueIdentifier>{e61f4323-f628-45d3-907e-3f1174b157fc}</UniqueIdentifier>
    </Filter>
    <Filter Include="Source\Rendering">
      <UniqueIdentifier>{d29d35aa-a725-4af7-8cdc-926121e288fe}</UniqueIdentifier>
    </Filter>
    <Filter Include="Source\Utils">
      <UniqueIdentifier>{ac1c4c9d-c5c5-473f-bf82-b48f83ead13b}</UniqueIdentifier>
    </Filter>
    <Filter Include="Source\ImGui">
      <UniqueIdentifier>{5e4b9826-521a-43ea-9b95-767d8f686c46}</UniqueIdentifier>
    </Filter>
  </ItemGroup>
  <ItemGroup>
    <ClCompile Include="Source\pch.cpp">
      <Filter>Source\pch</Filter>
    </ClCompile>
    <ClCompile Include="Source\Application.cpp">
      <Filter>Source\App</Filter>
    </ClCompile>
    <ClCompile Include="Source\AppWindow.cpp">
      <Filter>Source\App</Filter>
    </ClCompile>
    <ClCompile Include="Source\Scene.cpp">
      <Filter>Source\Geometry</Filter>
    </ClCompile>
    <ClCompile Include="Source\SceneObject.cpp">
      <Filter>Source\Geometry</Filter>
    </ClCompile>
    <ClCompile Include="Source\StaticMesh.cpp">
      <Filter>Source\Geometry</Filter>
    </ClCompile>
    <ClCompile Include="Source\Transform.cpp">
      <Filter>Source\Math</Filter>
    </ClCompile>
    <ClCompile Include="Source\DX.cpp">
      <Filter>Source\Rendering</Filter>
    </ClCompile>
    <ClCompile Include="Source\Tracer.cpp">
      <Filter>Source\Rendering</Filter>
    </ClCompile>
    <ClCompile Include="Source\Log.cpp">
      <Filter>Source\Utils</Filter>
    </ClCompile>
    <ClCompile Include="Source\Utils.cpp">
      <Filter>Source\Utils</Filter>
    </ClCompile>
    <ClCompile Include="Source\DXMathUtil.cpp">
      <Filter>Source\Math</Filter>
    </ClCompile>
    <ClCompile Include="Source\Camera.cpp">
      <Filter>Source\Geometry</Filter>
    </ClCompile>
    <ClCompile Include="Source\Input.cpp">
      <Filter>Source\App</Filter>
    </ClCompile>
    <ClCompile Include="Source\imgui\imgui.cpp">
      <Filter>Source\ImGui</Filter>
    </ClCompile>
    <ClCompile Include="Source\imgui\imgui_demo.cpp">
      <Filter>Source\ImGui</Filter>
    </ClCompile>
    <ClCompile Include="Source\imgui\imgui_draw.cpp">
      <Filter>Source\ImGui</Filter>
    </ClCompile>
    <ClCompile Include="Source\imgui\imgui_tables.cpp">
      <Filter>Source\ImGui</Filter>
    </ClCompile>
    <ClCompile Include="Source\imgui\imgui_widgets.cpp">
      <Filter>Source\ImGui</Filter>
    </ClCompile>
    <ClCompile Include="Source\imgui\imgui_impl_dx12.cpp">
      <Filter>Source\ImGui</Filter>
    </ClCompile>
    <ClCompile Include="Source\imgui\imgui_impl_win32.cpp">
      <Filter>Source\ImGui</Filter>
    </ClCompile>
    <ClCompile Include="Source\Math.cpp">
      <Filter>Source\Math</Filter>
    </ClCompile>
  </ItemGroup>
  <ItemGroup>
    <ClInclude Include="Source\Core.h">
      <Filter>Source</Filter>
    </ClInclude>
    <ClInclude Include="Source\pch.h">
      <Filter>Source\pch</Filter>
    </ClInclude>
    <ClInclude Include="Source\Application.h">
      <Filter>Source\App</Filter>
    </ClInclude>
    <ClInclude Include="Source\AppWindow.h">
      <Filter>Source\App</Filter>
    </ClInclude>
    <ClInclude Include="Source\Scene.h">
      <Filter>Source\Geometry</Filter>
    </ClInclude>
    <ClInclude Include="Source\SceneObject.h">
      <Filter>Source\Geometry</Filter>
    </ClInclude>
    <ClInclude Include="Source\StaticMesh.h">
      <Filter>Source\Geometry</Filter>
    </ClInclude>
    <ClInclude Include="Source\Math.h">
      <Filter>Source\Math</Filter>
    </ClInclude>
    <ClInclude Include="Source\Vector2.h">
      <Filter>Source\Math</Filter>
    </ClInclude>
    <ClInclude Include="Source\Vector3.h">
      <Filter>Source\Math</Filter>
    </ClInclude>
    <ClInclude Include="Source\Transform.h">
      <Filter>Source\Math</Filter>
    </ClInclude>
    <ClInclude Include="Source\DX.h">
      <Filter>Source\Rendering</Filter>
    </ClInclude>
    <ClInclude Include="Source\Tracer.h">
      <Filter>Source\Rendering</Filter>
    </ClInclude>
    <ClInclude Include="Source\Log.h">
      <Filter>Source\Utils</Filter>
    </ClInclude>
    <ClInclude Include="Source\ResourceManagement.h">
      <Filter>Source\Utils</Filter>
    </ClInclude>
    <ClInclude Include="Source\Utils.h">
      <Filter>Source\Utils</Filter>
    </ClInclude>
    <ClInclude Include="Source\Platform.h">
      <Filter>Source\App</Filter>
    </ClInclude>
    <ClInclude Include="Source\Quaternion.h">
      <Filter>Source\Math</Filter>
    </ClInclude>
    <ClInclude Include="Source\DXMathUtil.h">
      <Filter>Source\Math</Filter>
    </ClInclude>
    <ClInclude Include="Source\Camera.h">
      <Filter>Source\Geometry</Filter>
    </ClInclude>
    <ClInclude Include="Source\Input.h">
      <Filter>Source\App</Filter>
    </ClInclude>
    <ClInclude Include="Source\imgui\imconfig.h">
      <Filter>Source\ImGui</Filter>
    </ClInclude>
    <ClInclude Include="Source\imgui\imgui.h">
      <Filter>Source\ImGui</Filter>
    </ClInclude>
    <ClInclude Include="Source\imgui\imgui_internal.h">
      <Filter>Source\ImGui</Filter>
    </ClInclude>
    <ClInclude Include="Source\imgui\imstb_rectpack.h">
      <Filter>Source\ImGui</Filter>
    </ClInclude>
    <ClInclude Include="Source\imgui\imstb_textedit.h">
      <Filter>Source\ImGui</Filter>
    </ClInclude>
    <ClInclude Include="Source\imgui\imstb_truetype.h">
      <Filter>Source\ImGui</Filter>
    </ClInclude>
    <ClInclude Include="Source\imgui\imgui_impl_dx12.h">
      <Filter>Source\ImGui</Filter>
    </ClInclude>
    <ClInclude Include="Source\imgui\imgui_impl_win32.h">
      <Filter>Source\ImGui</Filter>
    </ClInclude>
  </ItemGroup>
  <ItemGroup>
    <FxCompile Include="Shaders\ClosestHit.hlsl">
      <Filter>Shaders</Filter>
    </FxCompile>
    <FxCompile Include="Shaders\Common.hlsl">
      <Filter>Shaders</Filter>
    </FxCompile>
    <FxCompile Include="Shaders\Miss.hlsl">
      <Filter>Shaders</Filter>
    </FxCompile>
    <FxCompile Include="Shaders\RayGen.hlsl">
      <Filter>Shaders</Filter>
    </FxCompile>
    <FxCompile Include="Shaders\ShadowHit.hlsl">
      <Filter>Shaders</Filter>
    </FxCompile>
    <FxCompile Include="Shaders\ShadowMiss.hlsl">
      <Filter>Shaders</Filter>
    </FxCompile>
    <FxCompile Include="Shaders\AlphaAnyHit.hlsl">
      <Filter>Shaders</Filter>
    </FxCompile>
  </ItemGroup>
</Project>